# This file was autogenerated by Stack.
# You should not edit this file by hand.
# For more information, please see the documentation at:
#   https://docs.haskellstack.org/en/stable/lock_files

packages:
- completed:
    hackage: curve25519-0.2.7@sha256:4bdf954f665dc97bf275c5fe06cc775aae85e833b9785e26befd9401ae091765,2241
    pantry-tree:
      size: 626
      sha256: 4c0a380923b041863c8444e671127363cedbf07815abc8ccebce82a28c33ec06
  original:
    hackage: curve25519-0.2.7@sha256:4bdf954f665dc97bf275c5fe06cc775aae85e833b9785e26befd9401ae091765,2241
- completed:
    hackage: cryptocipher-0.6.2@sha256:b24531e611baf5db5130e056ac8c619b94fce1a7807d97faad4c609fe2abb70b,1103
    pantry-tree:
      size: 213
      sha256: 0da6a58dff753dc6d707b5d1e25b68c7f80c52661529f0637c3c0d83ba73d269
  original:
    hackage: cryptocipher-0.6.2@sha256:b24531e611baf5db5130e056ac8c619b94fce1a7807d97faad4c609fe2abb70b,1103
- completed:
    hackage: cipher-blowfish-0.0.3@sha256:aa8fddef17ba57c2ef31f335ab474f16dfa106f903c257b16f6f578c07957406,1932
    pantry-tree:
      size: 421
      sha256: 59b4f1e339cd0eb82f66808a152b6bd4c0fad2ad7315c3504373d79d294cac2b
  original:
    hackage: cipher-blowfish-0.0.3@sha256:aa8fddef17ba57c2ef31f335ab474f16dfa106f903c257b16f6f578c07957406,1932
snapshots:
- completed:
    size: 590100
    url: https://raw.githubusercontent.com/commercialhaskell/stackage-snapshots/master/lts/18/28.yaml
    sha256: 428ec8d5ce932190d3cbe266b9eb3c175cd81e984babf876b64019e2cbe4ea68
  original:
    url: https://raw.githubusercontent.com/commercialhaskell/stackage-snapshots/master/lts/18/28.yaml
